
Microsoft Visual Studio Solution File, Format Version 12.00
# Visual Studio Version 16
VisualStudioVersion = 16.0.31729.503
MinimumVisualStudioVersion = 10.0.40219.1
Project("{9A19103F-16F7-4668-BE54-9A1E7A4F7556}") = "DomainLayer", "DomainLayer\DomainLayer.csproj", "{0BE8B3C5-4D81-4296-95B7-5616D3B1DDA9}"
EndProject
Project("{9A19103F-16F7-4668-BE54-9A1E7A4F7556}") = "RepositoryLayer", "RepositoryLayer\RepositoryLayer.csproj", "{71977B3C-BE34-48B7-B868-876C3759F483}"
EndProject
Project("{9A19103F-16F7-4668-BE54-9A1E7A4F7556}") = "ServiceLayer", "ServiceLayer\ServiceLayer.csproj", "{C547BD4B-8B1A-4052-92BC-867B32A52C55}"
EndProject
Project("{2150E333-8FDC-42A3-9474-1A3956D46DE8}") = "MicroServices", "MicroServices", "{4EF4CA54-32D8-4FDC-BE01-5C0210C6A699}"
EndProject
Project("{9A19103F-16F7-4668-BE54-9A1E7A4F7556}") = "HospitalAPI", "LoginAPI\HospitalAPI.csproj", "{B4DAA44C-2D69-4EFC-BD01-FA273366A4BE}"
EndProject
Project("{2150E333-8FDC-42A3-9474-1A3956D46DE8}") = "Solution Items", "Solution Items", "{3754E84E-B674-4EE6-8885-9397626509C7}"
	ProjectSection(SolutionItems) = preProject
		.gitignore = .gitignore
	EndProjectSection
EndProject
Global
	GlobalSection(SolutionConfigurationPlatforms) = preSolution
		Debug|Any CPU = Debug|Any CPU
		Release|Any CPU = Release|Any CPU
	EndGlobalSection
	GlobalSection(ProjectConfigurationPlatforms) = postSolution
		{0BE8B3C5-4D81-4296-95B7-5616D3B1DDA9}.Debug|Any CPU.ActiveCfg = Debug|Any CPU
		{0BE8B3C5-4D81-4296-95B7-5616D3B1DDA9}.Debug|Any CPU.Build.0 = Debug|Any CPU
		{0BE8B3C5-4D81-4296-95B7-5616D3B1DDA9}.Release|Any CPU.ActiveCfg = Release|Any CPU
		{0BE8B3C5-4D81-4296-95B7-5616D3B1DDA9}.Release|Any CPU.Build.0 = Release|Any CPU
		{71977B3C-BE34-48B7-B868-876C3759F483}.Debug|Any CPU.ActiveCfg = Debug|Any CPU
		{71977B3C-BE34-48B7-B868-876C3759F483}.Debug|Any CPU.Build.0 = Debug|Any CPU
		{71977B3C-BE34-48B7-B868-876C3759F483}.Release|Any CPU.ActiveCfg = Release|Any CPU
		{71977B3C-BE34-48B7-B868-876C3759F483}.Release|Any CPU.Build.0 = Release|Any CPU
		{C547BD4B-8B1A-4052-92BC-867B32A52C55}.Debug|Any CPU.ActiveCfg = Debug|Any CPU
		{C547BD4B-8B1A-4052-92BC-867B32A52C55}.Debug|Any CPU.Build.0 = Debug|Any CPU
		{C547BD4B-8B1A-4052-92BC-867B32A52C55}.Release|Any CPU.ActiveCfg = Release|Any CPU
		{C547BD4B-8B1A-4052-92BC-867B32A52C55}.Release|Any CPU.Build.0 = Release|Any CPU
		{B4DAA44C-2D69-4EFC-BD01-FA273366A4BE}.Debug|Any CPU.ActiveCfg = Debug|Any CPU
		{B4DAA44C-2D69-4EFC-BD01-FA273366A4BE}.Debug|Any CPU.Build.0 = Debug|Any CPU
		{B4DAA44C-2D69-4EFC-BD01-FA273366A4BE}.Release|Any CPU.ActiveCfg = Release|Any CPU
		{B4DAA44C-2D69-4EFC-BD01-FA273366A4BE}.Release|Any CPU.Build.0 = Release|Any CPU
	EndGlobalSection
	GlobalSection(SolutionProperties) = preSolution
		HideSolutionNode = FALSE
	EndGlobalSection
	GlobalSection(NestedProjects) = preSolution
		{B4DAA44C-2D69-4EFC-BD01-FA273366A4BE} = {4EF4CA54-32D8-4FDC-BE01-5C0210C6A699}
	EndGlobalSection
	GlobalSection(ExtensibilityGlobals) = postSolution
		SolutionGuid = {8BCF98FA-B5BF-43F1-BC56-4FD75054E547}
	EndGlobalSection
EndGlobal
